
Microsoft Visual Studio Solution File, Format Version 12.00
# Visual Studio 15
VisualStudioVersion = 15.0.28307.572
MinimumVisualStudioVersion = 10.0.40219.1
Project("{FAE04EC0-301F-11D3-BF4B-00C04F79EFBC}") = "RentalCarXamarin.Android", "RentalCarXamarin\RentalCarXamarin.Android\RentalCarXamarin.Android.csproj", "{228E9CE2-420B-4FB0-8000-2DAF552B67B7}"
EndProject
Project("{FAE04EC0-301F-11D3-BF4B-00C04F79EFBC}") = "RentalCarXamarin.iOS", "RentalCarXamarin\RentalCarXamarin.iOS\RentalCarXamarin.iOS.csproj", "{07549AA5-6E24-4CBD-A211-D00FCF51C4BE}"
EndProject
Project("{FAE04EC0-301F-11D3-BF4B-00C04F79EFBC}") = "RentalCarXamarin", "RentalCarXamarin\RentalCarXamarin\RentalCarXamarin.csproj", "{B9A74447-D841-4F49-A846-1BC1742121A0}"
EndProject
Global
	GlobalSection(SolutionConfigurationPlatforms) = preSolution
		Ad-Hoc|Any CPU = Ad-Hoc|Any CPU
		Ad-Hoc|iPhone = Ad-Hoc|iPhone
		Ad-Hoc|iPhoneSimulator = Ad-Hoc|iPhoneSimulator
		AppStore|Any CPU = AppStore|Any CPU
		AppStore|iPhone = AppStore|iPhone
		AppStore|iPhoneSimulator = AppStore|iPhoneSimulator
		Debug|Any CPU = Debug|Any CPU
		Debug|iPhone = Debug|iPhone
		Debug|iPhoneSimulator = Debug|iPhoneSimulator
		Release|Any CPU = Release|Any CPU
		Release|iPhone = Release|iPhone
		Release|iPhoneSimulator = Release|iPhoneSimulator
	EndGlobalSection
	GlobalSection(ProjectConfigurationPlatforms) = postSolution
		{228E9CE2-420B-4FB0-8000-2DAF552B67B7}.Ad-Hoc|Any CPU.ActiveCfg = Release|Any CPU
		{228E9CE2-420B-4FB0-8000-2DAF552B67B7}.Ad-Hoc|Any CPU.Build.0 = Release|Any CPU
		{228E9CE2-420B-4FB0-8000-2DAF552B67B7}.Ad-Hoc|Any CPU.Deploy.0 = Release|Any CPU
		{228E9CE2-420B-4FB0-8000-2DAF552B67B7}.Ad-Hoc|iPhone.ActiveCfg = Release|Any CPU
		{228E9CE2-420B-4FB0-8000-2DAF552B67B7}.Ad-Hoc|iPhone.Build.0 = Release|Any CPU
		{228E9CE2-420B-4FB0-8000-2DAF552B67B7}.Ad-Hoc|iPhone.Deploy.0 = Release|Any CPU
		{228E9CE2-420B-4FB0-8000-2DAF552B67B7}.Ad-Hoc|iPhoneSimulator.ActiveCfg = Release|Any CPU
		{228E9CE2-420B-4FB0-8000-2DAF552B67B7}.Ad-Hoc|iPhoneSimulator.Build.0 = Release|Any CPU
		{228E9CE2-420B-4FB0-8000-2DAF552B67B7}.Ad-Hoc|iPhoneSimulator.Deploy.0 = Release|Any CPU
		{228E9CE2-420B-4FB0-8000-2DAF552B67B7}.AppStore|Any CPU.ActiveCfg = Release|Any CPU
		{228E9CE2-420B-4FB0-8000-2DAF552B67B7}.AppStore|Any CPU.Build.0 = Release|Any CPU
		{228E9CE2-420B-4FB0-8000-2DAF552B67B7}.AppStore|Any CPU.Deploy.0 = Release|Any CPU
		{228E9CE2-420B-4FB0-8000-2DAF552B67B7}.AppStore|iPhone.ActiveCfg = Release|Any CPU
		{228E9CE2-420B-4FB0-8000-2DAF552B67B7}.AppStore|iPhone.Build.0 = Release|Any CPU
		{228E9CE2-420B-4FB0-8000-2DAF552B67B7}.AppStore|iPhone.Deploy.0 = Release|Any CPU
		{228E9CE2-420B-4FB0-8000-2DAF552B67B7}.AppStore|iPhoneSimulator.ActiveCfg = Release|Any CPU
		{228E9CE2-420B-4FB0-8000-2DAF552B67B7}.AppStore|iPhoneSimulator.Build.0 = Release|Any CPU
		{228E9CE2-420B-4FB0-8000-2DAF552B67B7}.AppStore|iPhoneSimulator.Deploy.0 = Release|Any CPU
		{228E9CE2-420B-4FB0-8000-2DAF552B67B7}.Debug|Any CPU.ActiveCfg = Debug|Any CPU
		{228E9CE2-420B-4FB0-8000-2DAF552B67B7}.Debug|Any CPU.Build.0 = Debug|Any CPU
		{228E9CE2-420B-4FB0-8000-2DAF552B67B7}.Debug|Any CPU.Deploy.0 = Debug|Any CPU
		{228E9CE2-420B-4FB0-8000-2DAF552B67B7}.Debug|iPhone.ActiveCfg = Debug|Any CPU
		{228E9CE2-420B-4FB0-8000-2DAF552B67B7}.Debug|iPhone.Build.0 = Debug|Any CPU
		{228E9CE2-420B-4FB0-8000-2DAF552B67B7}.Debug|iPhone.Deploy.0 = Debug|Any CPU
		{228E9CE2-420B-4FB0-8000-2DAF552B67B7}.Debug|iPhoneSimulator.ActiveCfg = Debug|Any CPU
		{228E9CE2-420B-4FB0-8000-2DAF552B67B7}.Debug|iPhoneSimulator.Build.0 = Debug|Any CPU
		{228E9CE2-420B-4FB0-8000-2DAF552B67B7}.Debug|iPhoneSimulator.Deploy.0 = Debug|Any CPU
		{228E9CE2-420B-4FB0-8000-2DAF552B67B7}.Release|Any CPU.ActiveCfg = Release|Any CPU
		{228E9CE2-420B-4FB0-8000-2DAF552B67B7}.Release|Any CPU.Build.0 = Release|Any CPU
		{228E9CE2-420B-4FB0-8000-2DAF552B67B7}.Release|Any CPU.Deploy.0 = Release|Any CPU
		{228E9CE2-420B-4FB0-8000-2DAF552B67B7}.Release|iPhone.ActiveCfg = Release|Any CPU
		{228E9CE2-420B-4FB0-8000-2DAF552B67B7}.Release|iPhone.Build.0 = Release|Any CPU
		{228E9CE2-420B-4FB0-8000-2DAF552B67B7}.Release|iPhone.Deploy.0 = Release|Any CPU
		{228E9CE2-420B-4FB0-8000-2DAF552B67B7}.Release|iPhoneSimulator.ActiveCfg = Release|Any CPU
		{228E9CE2-420B-4FB0-8000-2DAF552B67B7}.Release|iPhoneSimulator.Build.0 = Release|Any CPU
		{228E9CE2-420B-4FB0-8000-2DAF552B67B7}.Release|iPhoneSimulator.Deploy.0 = Release|Any CPU
		{07549AA5-6E24-4CBD-A211-D00FCF51C4BE}.Ad-Hoc|Any CPU.ActiveCfg = Ad-Hoc|iPhone
		{07549AA5-6E24-4CBD-A211-D00FCF51C4BE}.Ad-Hoc|Any CPU.Build.0 = Ad-Hoc|iPhone
		{07549AA5-6E24-4CBD-A211-D00FCF51C4BE}.Ad-Hoc|Any CPU.Deploy.0 = Ad-Hoc|iPhone
		{07549AA5-6E24-4CBD-A211-D00FCF51C4BE}.Ad-Hoc|iPhone.ActiveCfg = Ad-Hoc|iPhone
		{07549AA5-6E24-4CBD-A211-D00FCF51C4BE}.Ad-Hoc|iPhone.Build.0 = Ad-Hoc|iPhone
		{07549AA5-6E24-4CBD-A211-D00FCF51C4BE}.Ad-Hoc|iPhone.Deploy.0 = Ad-Hoc|iPhone
		{07549AA5-6E24-4CBD-A211-D00FCF51C4BE}.Ad-Hoc|iPhoneSimulator.ActiveCfg = Ad-Hoc|iPhoneSimulator
		{07549AA5-6E24-4CBD-A211-D00FCF51C4BE}.Ad-Hoc|iPhoneSimulator.Build.0 = Ad-Hoc|iPhoneSimulator
		{07549AA5-6E24-4CBD-A211-D00FCF51C4BE}.Ad-Hoc|iPhoneSimulator.Deploy.0 = Ad-Hoc|iPhoneSimulator
		{07549AA5-6E24-4CBD-A211-D00FCF51C4BE}.AppStore|Any CPU.ActiveCfg = AppStore|iPhone
		{07549AA5-6E24-4CBD-A211-D00FCF51C4BE}.AppStore|Any CPU.Build.0 = AppStore|iPhone
		{07549AA5-6E24-4CBD-A211-D00FCF51C4BE}.AppStore|Any CPU.Deploy.0 = AppStore|iPhone
		{07549AA5-6E24-4CBD-A211-D00FCF51C4BE}.AppStore|iPhone.ActiveCfg = AppStore|iPhone
		{07549AA5-6E24-4CBD-A211-D00FCF51C4BE}.AppStore|iPhone.Build.0 = AppStore|iPhone
		{07549AA5-6E24-4CBD-A211-D00FCF51C4BE}.AppStore|iPhone.Deploy.0 = AppStore|iPhone
		{07549AA5-6E24-4CBD-A211-D00FCF51C4BE}.AppStore|iPhoneSimulator.ActiveCfg = AppStore|iPhoneSimulator
		{07549AA5-6E24-4CBD-A211-D00FCF51C4BE}.AppStore|iPhoneSimulator.Build.0 = AppStore|iPhoneSimulator
		{07549AA5-6E24-4CBD-A211-D00FCF51C4BE}.AppStore|iPhoneSimulator.Deploy.0 = AppStore|iPhoneSimulator
		{07549AA5-6E24-4CBD-A211-D00FCF51C4BE}.Debug|Any CPU.ActiveCfg = Debug|iPhoneSimulator
		{07549AA5-6E24-4CBD-A211-D00FCF51C4BE}.Debug|Any CPU.Build.0 = Debug|iPhoneSimulator
		{07549AA5-6E24-4CBD-A211-D00FCF51C4BE}.Debug|Any CPU.Deploy.0 = Debug|iPhoneSimulator
		{07549AA5-6E24-4CBD-A211-D00FCF51C4BE}.Debug|iPhone.ActiveCfg = Debug|iPhone
		{07549AA5-6E24-4CBD-A211-D00FCF51C4BE}.Debug|iPhone.Build.0 = Debug|iPhone
		{07549AA5-6E24-4CBD-A211-D00FCF51C4BE}.Debug|iPhone.Deploy.0 = Debug|iPhone
		{07549AA5-6E24-4CBD-A211-D00FCF51C4BE}.Debug|iPhoneSimulator.ActiveCfg = Debug|iPhoneSimulator
		{07549AA5-6E24-4CBD-A211-D00FCF51C4BE}.Debug|iPhoneSimulator.Build.0 = Debug|iPhoneSimulator
		{07549AA5-6E24-4CBD-A211-D00FCF51C4BE}.Debug|iPhoneSimulator.Deploy.0 = Debug|iPhoneSimulator
		{07549AA5-6E24-4CBD-A211-D00FCF51C4BE}.Release|Any CPU.ActiveCfg = Release|iPhone
		{07549AA5-6E24-4CBD-A211-D00FCF51C4BE}.Release|Any CPU.Build.0 = Release|iPhone
		{07549AA5-6E24-4CBD-A211-D00FCF51C4BE}.Release|Any CPU.Deploy.0 = Release|iPhone
		{07549AA5-6E24-4CBD-A211-D00FCF51C4BE}.Release|iPhone.ActiveCfg = Release|iPhone
		{07549AA5-6E24-4CBD-A211-D00FCF51C4BE}.Release|iPhone.Build.0 = Release|iPhone
		{07549AA5-6E24-4CBD-A211-D00FCF51C4BE}.Release|iPhone.Deploy.0 = Release|iPhone
		{07549AA5-6E24-4CBD-A211-D00FCF51C4BE}.Release|iPhoneSimulator.ActiveCfg = Release|iPhoneSimulator
		{07549AA5-6E24-4CBD-A211-D00FCF51C4BE}.Release|iPhoneSimulator.Build.0 = Release|iPhoneSimulator
		{07549AA5-6E24-4CBD-A211-D00FCF51C4BE}.Release|iPhoneSimulator.Deploy.0 = Release|iPhoneSimulator
		{B9A74447-D841-4F49-A846-1BC1742121A0}.Ad-Hoc|Any CPU.ActiveCfg = Debug|Any CPU
		{B9A74447-D841-4F49-A846-1BC1742121A0}.Ad-Hoc|Any CPU.Build.0 = Debug|Any CPU
		{B9A74447-D841-4F49-A846-1BC1742121A0}.Ad-Hoc|Any CPU.Deploy.0 = Debug|Any CPU
		{B9A74447-D841-4F49-A846-1BC1742121A0}.Ad-Hoc|iPhone.ActiveCfg = Debug|Any CPU
		{B9A74447-D841-4F49-A846-1BC1742121A0}.Ad-Hoc|iPhone.Build.0 = Debug|Any CPU
		{B9A74447-D841-4F49-A846-1BC1742121A0}.Ad-Hoc|iPhone.Deploy.0 = Debug|Any CPU
		{B9A74447-D841-4F49-A846-1BC1742121A0}.Ad-Hoc|iPhoneSimulator.ActiveCfg = Debug|Any CPU
		{B9A74447-D841-4F49-A846-1BC1742121A0}.Ad-Hoc|iPhoneSimulator.Build.0 = Debug|Any CPU
		{B9A74447-D841-4F49-A846-1BC1742121A0}.Ad-Hoc|iPhoneSimulator.Deploy.0 = Debug|Any CPU
		{B9A74447-D841-4F49-A846-1BC1742121A0}.AppStore|Any CPU.ActiveCfg = Debug|Any CPU
		{B9A74447-D841-4F49-A846-1BC1742121A0}.AppStore|Any CPU.Build.0 = Debug|Any CPU
		{B9A74447-D841-4F49-A846-1BC1742121A0}.AppStore|Any CPU.Deploy.0 = Debug|Any CPU
		{B9A74447-D841-4F49-A846-1BC1742121A0}.AppStore|iPhone.ActiveCfg = Debug|Any CPU
		{B9A74447-D841-4F49-A846-1BC1742121A0}.AppStore|iPhone.Build.0 = Debug|Any CPU
		{B9A74447-D841-4F49-A846-1BC1742121A0}.AppStore|iPhone.Deploy.0 = Debug|Any CPU
		{B9A74447-D841-4F49-A846-1BC1742121A0}.AppStore|iPhoneSimulator.ActiveCfg = Debug|Any CPU
		{B9A74447-D841-4F49-A846-1BC1742121A0}.AppStore|iPhoneSimulator.Build.0 = Debug|Any CPU
		{B9A74447-D841-4F49-A846-1BC1742121A0}.AppStore|iPhoneSimulator.Deploy.0 = Debug|Any CPU
		{B9A74447-D841-4F49-A846-1BC1742121A0}.Debug|Any CPU.ActiveCfg = Debug|Any CPU
		{B9A74447-D841-4F49-A846-1BC1742121A0}.Debug|Any CPU.Build.0 = Debug|Any CPU
		{B9A74447-D841-4F49-A846-1BC1742121A0}.Debug|Any CPU.Deploy.0 = Debug|Any CPU
		{B9A74447-D841-4F49-A846-1BC1742121A0}.Debug|iPhone.ActiveCfg = Debug|Any CPU
		{B9A74447-D841-4F49-A846-1BC1742121A0}.Debug|iPhone.Build.0 = Debug|Any CPU
		{B9A74447-D841-4F49-A846-1BC1742121A0}.Debug|iPhone.Deploy.0 = Debug|Any CPU
		{B9A74447-D841-4F49-A846-1BC1742121A0}.Debug|iPhoneSimulator.ActiveCfg = Debug|Any CPU
		{B9A74447-D841-4F49-A846-1BC1742121A0}.Debug|iPhoneSimulator.Build.0 = Debug|Any CPU
		{B9A74447-D841-4F49-A846-1BC1742121A0}.Debug|iPhoneSimulator.Deploy.0 = Debug|Any CPU
		{B9A74447-D841-4F49-A846-1BC1742121A0}.Release|Any CPU.ActiveCfg = Release|Any CPU
		{B9A74447-D841-4F49-A846-1BC1742121A0}.Release|Any CPU.Build.0 = Release|Any CPU
		{B9A74447-D841-4F49-A846-1BC1742121A0}.Release|Any CPU.Deploy.0 = Release|Any CPU
		{B9A74447-D841-4F49-A846-1BC1742121A0}.Release|iPhone.ActiveCfg = Release|Any CPU
		{B9A74447-D841-4F49-A846-1BC1742121A0}.Release|iPhone.Build.0 = Release|Any CPU
		{B9A74447-D841-4F49-A846-1BC1742121A0}.Release|iPhone.Deploy.0 = Release|Any CPU
		{B9A74447-D841-4F49-A846-1BC1742121A0}.Release|iPhoneSimulator.ActiveCfg = Release|Any CPU
		{B9A74447-D841-4F49-A846-1BC1742121A0}.Release|iPhoneSimulator.Build.0 = Release|Any CPU
		{B9A74447-D841-4F49-A846-1BC1742121A0}.Release|iPhoneSimulator.Deploy.0 = Release|Any CPU
	EndGlobalSection
	GlobalSection(SolutionProperties) = preSolution
		HideSolutionNode = FALSE
	EndGlobalSection
	GlobalSection(ExtensibilityGlobals) = postSolution
		SolutionGuid = {5FC5BAAF-2D6F-49F3-986E-822674846ED9}
	EndGlobalSection
EndGlobal
